
Microsoft Visual Studio Solution File, Format Version 12.00
Project("{FAE04EC0-301F-11D3-BF4B-00C04F79EFBC}") = "MyFirstProgram", "MyFirstProgram\MyFirstProgram.csproj", "{C638CF8A-2B0D-4086-B490-D2963FD773C0}"
EndProject
Global
	GlobalSection(SolutionConfigurationPlatforms) = preSolution
		Debug|Any CPU = Debug|Any CPU
		Release|Any CPU = Release|Any CPU
	EndGlobalSection
	GlobalSection(ProjectConfigurationPlatforms) = postSolution
		{C638CF8A-2B0D-4086-B490-D2963FD773C0}.Debug|Any CPU.ActiveCfg = Debug|Any CPU
		{C638CF8A-2B0D-4086-B490-D2963FD773C0}.Debug|Any CPU.Build.0 = Debug|Any CPU
		{C638CF8A-2B0D-4086-B490-D2963FD773C0}.Release|Any CPU.ActiveCfg = Release|Any CPU
		{C638CF8A-2B0D-4086-B490-D2963FD773C0}.Release|Any CPU.Build.0 = Release|Any CPU
	EndGlobalSection
EndGlobal
